
Microsoft Visual Studio Solution File, Format Version 12.00
# Visual Studio Version 17
VisualStudioVersion = 17.4.33205.214
MinimumVisualStudioVersion = 10.0.40219.1
Project("{9A19103F-16F7-4668-BE54-9A1E7A4F7556}") = "Parser", "Parser\Parser.csproj", "{354DDF63-8F4C-4188-9330-EE10F6EA473F}"
EndProject
Project("{FAE04EC0-301F-11D3-BF4B-00C04F79EFBC}") = "ParserDll", "ParserDll\ParserDll.csproj", "{86058FCA-933D-4DE3-A17F-D7A74BF05F93}"
EndProject
Project("{FAE04EC0-301F-11D3-BF4B-00C04F79EFBC}") = "Web", "Web\Web.csproj", "{AE4F3457-4ADB-4EE7-A719-4F773DDFF8F3}"
EndProject
Global
	GlobalSection(SolutionConfigurationPlatforms) = preSolution
		Debug|Any CPU = Debug|Any CPU
		Release|Any CPU = Release|Any CPU
	EndGlobalSection
	GlobalSection(ProjectConfigurationPlatforms) = postSolution
		{354DDF63-8F4C-4188-9330-EE10F6EA473F}.Debug|Any CPU.ActiveCfg = Debug|Any CPU
		{354DDF63-8F4C-4188-9330-EE10F6EA473F}.Debug|Any CPU.Build.0 = Debug|Any CPU
		{354DDF63-8F4C-4188-9330-EE10F6EA473F}.Release|Any CPU.ActiveCfg = Release|Any CPU
		{354DDF63-8F4C-4188-9330-EE10F6EA473F}.Release|Any CPU.Build.0 = Release|Any CPU
		{86058FCA-933D-4DE3-A17F-D7A74BF05F93}.Debug|Any CPU.ActiveCfg = Debug|Any CPU
		{86058FCA-933D-4DE3-A17F-D7A74BF05F93}.Debug|Any CPU.Build.0 = Debug|Any CPU
		{86058FCA-933D-4DE3-A17F-D7A74BF05F93}.Release|Any CPU.ActiveCfg = Release|Any CPU
		{86058FCA-933D-4DE3-A17F-D7A74BF05F93}.Release|Any CPU.Build.0 = Release|Any CPU
		{AE4F3457-4ADB-4EE7-A719-4F773DDFF8F3}.Debug|Any CPU.ActiveCfg = Debug|Any CPU
		{AE4F3457-4ADB-4EE7-A719-4F773DDFF8F3}.Debug|Any CPU.Build.0 = Debug|Any CPU
		{AE4F3457-4ADB-4EE7-A719-4F773DDFF8F3}.Release|Any CPU.ActiveCfg = Release|Any CPU
		{AE4F3457-4ADB-4EE7-A719-4F773DDFF8F3}.Release|Any CPU.Build.0 = Release|Any CPU
	EndGlobalSection
	GlobalSection(SolutionProperties) = preSolution
		HideSolutionNode = FALSE
	EndGlobalSection
	GlobalSection(ExtensibilityGlobals) = postSolution
		SolutionGuid = {596983A6-53D5-4C49-AC2B-607973BCE6B4}
	EndGlobalSection
EndGlobal
